
Microsoft Visual Studio Solution File, Format Version 12.00
# Visual Studio Version 16
VisualStudioVersion = 16.0.29306.81
MinimumVisualStudioVersion = 10.0.40219.1
Project("{FAE04EC0-301F-11D3-BF4B-00C04F79EFBC}") = "QDWorkshop", "QDWorkshop.csproj", "{9F5778D1-61B0-40F7-B027-B0E0F279C96B}"
EndProject
Project("{FAE04EC0-301F-11D3-BF4B-00C04F79EFBC}") = "Tests", "..\Tests\Tests.csproj", "{830CBB46-B588-47AA-AD71-CC7CF980DA5C}"
EndProject
Global
	GlobalSection(SolutionConfigurationPlatforms) = preSolution
		Debug|Any CPU = Debug|Any CPU
		Release|Any CPU = Release|Any CPU
	EndGlobalSection
	GlobalSection(ProjectConfigurationPlatforms) = postSolution
		{9F5778D1-61B0-40F7-B027-B0E0F279C96B}.Debug|Any CPU.ActiveCfg = Debug|Any CPU
		{9F5778D1-61B0-40F7-B027-B0E0F279C96B}.Debug|Any CPU.Build.0 = Debug|Any CPU
		{9F5778D1-61B0-40F7-B027-B0E0F279C96B}.Release|Any CPU.ActiveCfg = Release|Any CPU
		{9F5778D1-61B0-40F7-B027-B0E0F279C96B}.Release|Any CPU.Build.0 = Release|Any CPU
		{830CBB46-B588-47AA-AD71-CC7CF980DA5C}.Debug|Any CPU.ActiveCfg = Debug|Any CPU
		{830CBB46-B588-47AA-AD71-CC7CF980DA5C}.Debug|Any CPU.Build.0 = Debug|Any CPU
		{830CBB46-B588-47AA-AD71-CC7CF980DA5C}.Release|Any CPU.ActiveCfg = Release|Any CPU
		{830CBB46-B588-47AA-AD71-CC7CF980DA5C}.Release|Any CPU.Build.0 = Release|Any CPU
	EndGlobalSection
	GlobalSection(SolutionProperties) = preSolution
		HideSolutionNode = FALSE
	EndGlobalSection
	GlobalSection(ExtensibilityGlobals) = postSolution
		SolutionGuid = {1BBDA458-374F-40D6-997D-C2EE78C7E113}
	EndGlobalSection
EndGlobal
